
Microsoft Visual Studio Solution File, Format Version 12.00
# Visual Studio Version 16
VisualStudioVersion = 16.0.32510.428
MinimumVisualStudioVersion = 10.0.40219.1
Project("{8BC9CEB8-8B4A-11D0-8D11-00A0C91BC942}") = "Prime_num", "Prime_num\Prime_num.vcxproj", "{A539E9CC-2C41-47E4-B816-BDE26E401CB7}"
EndProject
Global
	GlobalSection(SolutionConfigurationPlatforms) = preSolution
		Debug|x64 = Debug|x64
		Debug|x86 = Debug|x86
		Release|x64 = Release|x64
		Release|x86 = Release|x86
	EndGlobalSection
	GlobalSection(ProjectConfigurationPlatforms) = postSolution
		{A539E9CC-2C41-47E4-B816-BDE26E401CB7}.Debug|x64.ActiveCfg = Debug|x64
		{A539E9CC-2C41-47E4-B816-BDE26E401CB7}.Debug|x64.Build.0 = Debug|x64
		{A539E9CC-2C41-47E4-B816-BDE26E401CB7}.Debug|x86.ActiveCfg = Debug|Win32
		{A539E9CC-2C41-47E4-B816-BDE26E401CB7}.Debug|x86.Build.0 = Debug|Win32
		{A539E9CC-2C41-47E4-B816-BDE26E401CB7}.Release|x64.ActiveCfg = Release|x64
		{A539E9CC-2C41-47E4-B816-BDE26E401CB7}.Release|x64.Build.0 = Release|x64
		{A539E9CC-2C41-47E4-B816-BDE26E401CB7}.Release|x86.ActiveCfg = Release|Win32
		{A539E9CC-2C41-47E4-B816-BDE26E401CB7}.Release|x86.Build.0 = Release|Win32
	EndGlobalSection
	GlobalSection(SolutionProperties) = preSolution
		HideSolutionNode = FALSE
	EndGlobalSection
	GlobalSection(ExtensibilityGlobals) = postSolution
		SolutionGuid = {F80ECE12-D4ED-49DE-8C89-91FE8CC3495A}
	EndGlobalSection
EndGlobal
